
Microsoft Visual Studio Solution File, Format Version 11.00
# Visual Studio 2010
Project("{FAE04EC0-301F-11D3-BF4B-00C04F79EFBC}") = "SecretAgentServiceDB", "SecretAgentServiceDB\SecretAgentServiceDB.csproj", "{4F81FDF2-E835-432F-97AF-EB3023B6B6C2}"
EndProject
Project("{FAE04EC0-301F-11D3-BF4B-00C04F79EFBC}") = "SecretAgentClient", "SecretAgentClientDB\SecretAgentClient.csproj", "{9BDE21F5-DBDC-4510-8831-7B41A92110DB}"
EndProject
Project("{FAE04EC0-301F-11D3-BF4B-00C04F79EFBC}") = "EncryptionService", "EncryptionService\EncryptionService.csproj", "{FE3DD0B6-D993-4648-843B-01DE1882E8DA}"
EndProject
Global
	GlobalSection(SolutionConfigurationPlatforms) = preSolution
		Debug|Any CPU = Debug|Any CPU
		Release|Any CPU = Release|Any CPU
	EndGlobalSection
	GlobalSection(ProjectConfigurationPlatforms) = postSolution
		{4F81FDF2-E835-432F-97AF-EB3023B6B6C2}.Debug|Any CPU.ActiveCfg = Debug|Any CPU
		{4F81FDF2-E835-432F-97AF-EB3023B6B6C2}.Debug|Any CPU.Build.0 = Debug|Any CPU
		{4F81FDF2-E835-432F-97AF-EB3023B6B6C2}.Release|Any CPU.ActiveCfg = Release|Any CPU
		{4F81FDF2-E835-432F-97AF-EB3023B6B6C2}.Release|Any CPU.Build.0 = Release|Any CPU
		{9BDE21F5-DBDC-4510-8831-7B41A92110DB}.Debug|Any CPU.ActiveCfg = Debug|Any CPU
		{9BDE21F5-DBDC-4510-8831-7B41A92110DB}.Debug|Any CPU.Build.0 = Debug|Any CPU
		{9BDE21F5-DBDC-4510-8831-7B41A92110DB}.Release|Any CPU.ActiveCfg = Release|Any CPU
		{9BDE21F5-DBDC-4510-8831-7B41A92110DB}.Release|Any CPU.Build.0 = Release|Any CPU
		{FE3DD0B6-D993-4648-843B-01DE1882E8DA}.Debug|Any CPU.ActiveCfg = Debug|Any CPU
		{FE3DD0B6-D993-4648-843B-01DE1882E8DA}.Debug|Any CPU.Build.0 = Debug|Any CPU
		{FE3DD0B6-D993-4648-843B-01DE1882E8DA}.Release|Any CPU.ActiveCfg = Release|Any CPU
		{FE3DD0B6-D993-4648-843B-01DE1882E8DA}.Release|Any CPU.Build.0 = Release|Any CPU
	EndGlobalSection
	GlobalSection(SolutionProperties) = preSolution
		HideSolutionNode = FALSE
	EndGlobalSection
EndGlobal
